
Microsoft Visual Studio Solution File, Format Version 12.00
# Visual Studio Version 17
VisualStudioVersion = 17.3.32929.385
MinimumVisualStudioVersion = 10.0.40219.1
Project("{2150E333-8FDC-42A3-9474-1A3956D46DE8}") = "Gateway", "Gateway", "{B6029FBF-00F7-4496-823C-85829F92D356}"
EndProject
Project("{2150E333-8FDC-42A3-9474-1A3956D46DE8}") = "src", "src", "{36D9A43B-ABA1-4B11-97A8-619C479264DD}"
EndProject
Project("{2150E333-8FDC-42A3-9474-1A3956D46DE8}") = "Settlement", "Settlement", "{6AC27485-1526-4FE6-A826-23C925CDB5D4}"
EndProject
Project("{2150E333-8FDC-42A3-9474-1A3956D46DE8}") = "StockAPI", "StockAPI", "{53F8AAE3-BF8D-4946-98F3-2B28330323EE}"
EndProject
Project("{2150E333-8FDC-42A3-9474-1A3956D46DE8}") = "Accounts", "Accounts", "{1122E02C-CFB6-4BFC-9D2B-824606ED06F6}"
EndProject
Project("{2150E333-8FDC-42A3-9474-1A3956D46DE8}") = "Analyzer", "Analyzer", "{7D31998B-1957-4DF0-9976-7270C2AFA568}"
EndProject
Project("{9A19103F-16F7-4668-BE54-9A1E7A4F7556}") = "API.Accounts", "src\Accounts\API.Accounts\API.Accounts.csproj", "{11047844-81DA-4C9C-853F-CED47A418006}"
EndProject
Project("{9A19103F-16F7-4668-BE54-9A1E7A4F7556}") = "API.Accounts.Domain", "src\Accounts\API.Accounts.Domain\API.Accounts.Domain.csproj", "{8FFB2509-1A33-4CF0-86F2-FB84532C9FAE}"
EndProject
Project("{9A19103F-16F7-4668-BE54-9A1E7A4F7556}") = "API.Accounts.Infrastructure", "src\Accounts\API.Accounts.Infrastructure\API.Accounts.Infrastructure.csproj", "{61F06E0C-E408-4F57-962E-53881B1D2EA7}"
EndProject
Project("{9A19103F-16F7-4668-BE54-9A1E7A4F7556}") = "API.StockAPI", "src\StockAPI\API.StockAPI\API.StockAPI.csproj", "{93EA1E5E-8863-4A1C-9222-9BBB612B83A4}"
EndProject
Project("{9A19103F-16F7-4668-BE54-9A1E7A4F7556}") = "API.StockAPI.Domain", "src\StockAPI\API.StockAPI.Domain\API.StockAPI.Domain.csproj", "{47C02362-43EF-4C07-8776-CFD32E8449FF}"
EndProject
Project("{9A19103F-16F7-4668-BE54-9A1E7A4F7556}") = "API.StockAPI.Infrastructure", "src\StockAPI\API.StockAPI.Infrastructure\API.StockAPI.Infrastructure.csproj", "{411C69C7-598C-4788-96BF-FCAE8826F872}"
EndProject
Project("{9A19103F-16F7-4668-BE54-9A1E7A4F7556}") = "API.Analyzer.Infrastructure", "src\Analyzer\API.Analyzer.Infrastructure\API.Analyzer.Infrastructure.csproj", "{31CADE4F-4A52-44F8-B6B8-2F32197F3A3E}"
EndProject
Project("{9A19103F-16F7-4668-BE54-9A1E7A4F7556}") = "API.Analyzer.Domain", "src\Analyzer\API.Analyzer.Domain\API.Analyzer.Domain.csproj", "{7FCD9B5D-CDF4-4C67-BB30-95E094FBCF03}"
EndProject
Project("{9A19103F-16F7-4668-BE54-9A1E7A4F7556}") = "API.Gateway", "src\Gateway\API.Gateway\API.Gateway.csproj", "{9B697D67-91D1-4464-8862-F8F8597EF99B}"
EndProject
Project("{9A19103F-16F7-4668-BE54-9A1E7A4F7556}") = "API.Gateway.Infrastructure", "src\Gateway\API.Gateway.Infrastructure\API.Gateway.Infrastructure.csproj", "{A900CAE4-2905-43E6-93D3-2E708A3BCED8}"
	ProjectSection(ProjectDependencies) = postProject
		{DD35D6CF-11B8-4389-9FB0-962EA4CC8EC2} = {DD35D6CF-11B8-4389-9FB0-962EA4CC8EC2}
	EndProjectSection
EndProject
Project("{9A19103F-16F7-4668-BE54-9A1E7A4F7556}") = "API.Gateway.Domain", "src\Gateway\API.Gateway.Domain\API.Gateway.Domain.csproj", "{DD35D6CF-11B8-4389-9FB0-962EA4CC8EC2}"
EndProject
Project("{9A19103F-16F7-4668-BE54-9A1E7A4F7556}") = "API.Accounts.Application", "src\Accounts\API.Accounts.Application\API.Accounts.Application.csproj", "{94264B06-5049-4D16-A5B3-CCA152F4B14C}"
EndProject
Project("{9A19103F-16F7-4668-BE54-9A1E7A4F7556}") = "API.Settlement.Domain", "src\Settlement\API.Settlement.Domain\API.Settlement.Domain.csproj", "{9DAC8BAE-94DF-47E6-9219-45C1219020C2}"
EndProject
Project("{9A19103F-16F7-4668-BE54-9A1E7A4F7556}") = "API.Settlement.Infrastructure", "src\Settlement\API.Settlement.Infrastructure\API.Settlement.Infrastructure.csproj", "{CACBAA2E-7F26-402F-B231-12D0A7412D58}"
EndProject
Project("{9A19103F-16F7-4668-BE54-9A1E7A4F7556}") = "API.Settlement", "src\Settlement\API.Settlement\API.Settlement.csproj", "{ABF22A9D-2205-4F6C-82C8-0CDB40134573}"
EndProject
Project("{9A19103F-16F7-4668-BE54-9A1E7A4F7556}") = "API.Accounts.Infrastructure.Mockup", "src\Accounts\API.Accounts.Infrastructure.Mockup\API.Accounts.Infrastructure.Mockup.csproj", "{C420D963-9F95-4C31-B347-AE3553DCEBE4}"
EndProject
Project("{FAE04EC0-301F-11D3-BF4B-00C04F79EFBC}") = "Analyzer.APi-n", "src\Analyzer\Analyzer.APi-n\Analyzer.APi-n.csproj", "{84076617-43B2-4166-A6E2-63568F13E98C}"
EndProject
Global
	GlobalSection(SolutionConfigurationPlatforms) = preSolution
		Debug|Any CPU = Debug|Any CPU
		Release|Any CPU = Release|Any CPU
	EndGlobalSection
	GlobalSection(ProjectConfigurationPlatforms) = postSolution
		{11047844-81DA-4C9C-853F-CED47A418006}.Debug|Any CPU.ActiveCfg = Debug|Any CPU
		{11047844-81DA-4C9C-853F-CED47A418006}.Debug|Any CPU.Build.0 = Debug|Any CPU
		{11047844-81DA-4C9C-853F-CED47A418006}.Release|Any CPU.ActiveCfg = Release|Any CPU
		{11047844-81DA-4C9C-853F-CED47A418006}.Release|Any CPU.Build.0 = Release|Any CPU
		{8FFB2509-1A33-4CF0-86F2-FB84532C9FAE}.Debug|Any CPU.ActiveCfg = Debug|Any CPU
		{8FFB2509-1A33-4CF0-86F2-FB84532C9FAE}.Debug|Any CPU.Build.0 = Debug|Any CPU
		{8FFB2509-1A33-4CF0-86F2-FB84532C9FAE}.Release|Any CPU.ActiveCfg = Release|Any CPU
		{8FFB2509-1A33-4CF0-86F2-FB84532C9FAE}.Release|Any CPU.Build.0 = Release|Any CPU
		{61F06E0C-E408-4F57-962E-53881B1D2EA7}.Debug|Any CPU.ActiveCfg = Debug|Any CPU
		{61F06E0C-E408-4F57-962E-53881B1D2EA7}.Debug|Any CPU.Build.0 = Debug|Any CPU
		{61F06E0C-E408-4F57-962E-53881B1D2EA7}.Release|Any CPU.ActiveCfg = Release|Any CPU
		{61F06E0C-E408-4F57-962E-53881B1D2EA7}.Release|Any CPU.Build.0 = Release|Any CPU
		{93EA1E5E-8863-4A1C-9222-9BBB612B83A4}.Debug|Any CPU.ActiveCfg = Debug|Any CPU
		{93EA1E5E-8863-4A1C-9222-9BBB612B83A4}.Release|Any CPU.ActiveCfg = Release|Any CPU
		{93EA1E5E-8863-4A1C-9222-9BBB612B83A4}.Release|Any CPU.Build.0 = Release|Any CPU
		{47C02362-43EF-4C07-8776-CFD32E8449FF}.Debug|Any CPU.ActiveCfg = Debug|Any CPU
		{47C02362-43EF-4C07-8776-CFD32E8449FF}.Release|Any CPU.ActiveCfg = Release|Any CPU
		{47C02362-43EF-4C07-8776-CFD32E8449FF}.Release|Any CPU.Build.0 = Release|Any CPU
		{411C69C7-598C-4788-96BF-FCAE8826F872}.Debug|Any CPU.ActiveCfg = Debug|Any CPU
		{411C69C7-598C-4788-96BF-FCAE8826F872}.Release|Any CPU.ActiveCfg = Release|Any CPU
		{411C69C7-598C-4788-96BF-FCAE8826F872}.Release|Any CPU.Build.0 = Release|Any CPU
		{31CADE4F-4A52-44F8-B6B8-2F32197F3A3E}.Debug|Any CPU.ActiveCfg = Debug|Any CPU
		{31CADE4F-4A52-44F8-B6B8-2F32197F3A3E}.Release|Any CPU.ActiveCfg = Release|Any CPU
		{31CADE4F-4A52-44F8-B6B8-2F32197F3A3E}.Release|Any CPU.Build.0 = Release|Any CPU
		{7FCD9B5D-CDF4-4C67-BB30-95E094FBCF03}.Debug|Any CPU.ActiveCfg = Debug|Any CPU
		{7FCD9B5D-CDF4-4C67-BB30-95E094FBCF03}.Release|Any CPU.ActiveCfg = Release|Any CPU
		{7FCD9B5D-CDF4-4C67-BB30-95E094FBCF03}.Release|Any CPU.Build.0 = Release|Any CPU
		{9B697D67-91D1-4464-8862-F8F8597EF99B}.Debug|Any CPU.ActiveCfg = Debug|Any CPU
		{9B697D67-91D1-4464-8862-F8F8597EF99B}.Debug|Any CPU.Build.0 = Debug|Any CPU
		{9B697D67-91D1-4464-8862-F8F8597EF99B}.Release|Any CPU.ActiveCfg = Release|Any CPU
		{9B697D67-91D1-4464-8862-F8F8597EF99B}.Release|Any CPU.Build.0 = Release|Any CPU
		{A900CAE4-2905-43E6-93D3-2E708A3BCED8}.Debug|Any CPU.ActiveCfg = Debug|Any CPU
		{A900CAE4-2905-43E6-93D3-2E708A3BCED8}.Debug|Any CPU.Build.0 = Debug|Any CPU
		{A900CAE4-2905-43E6-93D3-2E708A3BCED8}.Release|Any CPU.ActiveCfg = Release|Any CPU
		{A900CAE4-2905-43E6-93D3-2E708A3BCED8}.Release|Any CPU.Build.0 = Release|Any CPU
		{DD35D6CF-11B8-4389-9FB0-962EA4CC8EC2}.Debug|Any CPU.ActiveCfg = Debug|Any CPU
		{DD35D6CF-11B8-4389-9FB0-962EA4CC8EC2}.Debug|Any CPU.Build.0 = Debug|Any CPU
		{DD35D6CF-11B8-4389-9FB0-962EA4CC8EC2}.Release|Any CPU.ActiveCfg = Release|Any CPU
		{DD35D6CF-11B8-4389-9FB0-962EA4CC8EC2}.Release|Any CPU.Build.0 = Release|Any CPU
		{94264B06-5049-4D16-A5B3-CCA152F4B14C}.Debug|Any CPU.ActiveCfg = Debug|Any CPU
		{94264B06-5049-4D16-A5B3-CCA152F4B14C}.Debug|Any CPU.Build.0 = Debug|Any CPU
		{94264B06-5049-4D16-A5B3-CCA152F4B14C}.Release|Any CPU.ActiveCfg = Release|Any CPU
		{94264B06-5049-4D16-A5B3-CCA152F4B14C}.Release|Any CPU.Build.0 = Release|Any CPU
		{9DAC8BAE-94DF-47E6-9219-45C1219020C2}.Debug|Any CPU.ActiveCfg = Debug|Any CPU
		{9DAC8BAE-94DF-47E6-9219-45C1219020C2}.Release|Any CPU.ActiveCfg = Release|Any CPU
		{9DAC8BAE-94DF-47E6-9219-45C1219020C2}.Release|Any CPU.Build.0 = Release|Any CPU
		{CACBAA2E-7F26-402F-B231-12D0A7412D58}.Debug|Any CPU.ActiveCfg = Debug|Any CPU
		{CACBAA2E-7F26-402F-B231-12D0A7412D58}.Release|Any CPU.ActiveCfg = Release|Any CPU
		{CACBAA2E-7F26-402F-B231-12D0A7412D58}.Release|Any CPU.Build.0 = Release|Any CPU
		{ABF22A9D-2205-4F6C-82C8-0CDB40134573}.Debug|Any CPU.ActiveCfg = Debug|Any CPU
		{ABF22A9D-2205-4F6C-82C8-0CDB40134573}.Release|Any CPU.ActiveCfg = Release|Any CPU
		{ABF22A9D-2205-4F6C-82C8-0CDB40134573}.Release|Any CPU.Build.0 = Release|Any CPU
		{C420D963-9F95-4C31-B347-AE3553DCEBE4}.Debug|Any CPU.ActiveCfg = Debug|Any CPU
		{C420D963-9F95-4C31-B347-AE3553DCEBE4}.Debug|Any CPU.Build.0 = Debug|Any CPU
		{C420D963-9F95-4C31-B347-AE3553DCEBE4}.Release|Any CPU.ActiveCfg = Release|Any CPU
		{C420D963-9F95-4C31-B347-AE3553DCEBE4}.Release|Any CPU.Build.0 = Release|Any CPU
		{84076617-43B2-4166-A6E2-63568F13E98C}.Debug|Any CPU.ActiveCfg = Debug|Any CPU
		{84076617-43B2-4166-A6E2-63568F13E98C}.Debug|Any CPU.Build.0 = Debug|Any CPU
		{84076617-43B2-4166-A6E2-63568F13E98C}.Release|Any CPU.ActiveCfg = Release|Any CPU
		{84076617-43B2-4166-A6E2-63568F13E98C}.Release|Any CPU.Build.0 = Release|Any CPU
	EndGlobalSection
	GlobalSection(SolutionProperties) = preSolution
		HideSolutionNode = FALSE
	EndGlobalSection
	GlobalSection(NestedProjects) = preSolution
		{B6029FBF-00F7-4496-823C-85829F92D356} = {36D9A43B-ABA1-4B11-97A8-619C479264DD}
		{6AC27485-1526-4FE6-A826-23C925CDB5D4} = {36D9A43B-ABA1-4B11-97A8-619C479264DD}
		{53F8AAE3-BF8D-4946-98F3-2B28330323EE} = {36D9A43B-ABA1-4B11-97A8-619C479264DD}
		{1122E02C-CFB6-4BFC-9D2B-824606ED06F6} = {36D9A43B-ABA1-4B11-97A8-619C479264DD}
		{7D31998B-1957-4DF0-9976-7270C2AFA568} = {36D9A43B-ABA1-4B11-97A8-619C479264DD}
		{11047844-81DA-4C9C-853F-CED47A418006} = {1122E02C-CFB6-4BFC-9D2B-824606ED06F6}
		{8FFB2509-1A33-4CF0-86F2-FB84532C9FAE} = {1122E02C-CFB6-4BFC-9D2B-824606ED06F6}
		{61F06E0C-E408-4F57-962E-53881B1D2EA7} = {1122E02C-CFB6-4BFC-9D2B-824606ED06F6}
		{93EA1E5E-8863-4A1C-9222-9BBB612B83A4} = {53F8AAE3-BF8D-4946-98F3-2B28330323EE}
		{47C02362-43EF-4C07-8776-CFD32E8449FF} = {53F8AAE3-BF8D-4946-98F3-2B28330323EE}
		{411C69C7-598C-4788-96BF-FCAE8826F872} = {53F8AAE3-BF8D-4946-98F3-2B28330323EE}
		{31CADE4F-4A52-44F8-B6B8-2F32197F3A3E} = {7D31998B-1957-4DF0-9976-7270C2AFA568}
		{7FCD9B5D-CDF4-4C67-BB30-95E094FBCF03} = {7D31998B-1957-4DF0-9976-7270C2AFA568}
		{9B697D67-91D1-4464-8862-F8F8597EF99B} = {B6029FBF-00F7-4496-823C-85829F92D356}
		{A900CAE4-2905-43E6-93D3-2E708A3BCED8} = {B6029FBF-00F7-4496-823C-85829F92D356}
		{DD35D6CF-11B8-4389-9FB0-962EA4CC8EC2} = {B6029FBF-00F7-4496-823C-85829F92D356}
		{94264B06-5049-4D16-A5B3-CCA152F4B14C} = {1122E02C-CFB6-4BFC-9D2B-824606ED06F6}
		{9DAC8BAE-94DF-47E6-9219-45C1219020C2} = {6AC27485-1526-4FE6-A826-23C925CDB5D4}
		{CACBAA2E-7F26-402F-B231-12D0A7412D58} = {6AC27485-1526-4FE6-A826-23C925CDB5D4}
		{ABF22A9D-2205-4F6C-82C8-0CDB40134573} = {6AC27485-1526-4FE6-A826-23C925CDB5D4}
		{C420D963-9F95-4C31-B347-AE3553DCEBE4} = {1122E02C-CFB6-4BFC-9D2B-824606ED06F6}
		{84076617-43B2-4166-A6E2-63568F13E98C} = {7D31998B-1957-4DF0-9976-7270C2AFA568}
	EndGlobalSection
	GlobalSection(ExtensibilityGlobals) = postSolution
		SolutionGuid = {470B7566-AAA0-47B8-AB4E-C4A9300273D4}
	EndGlobalSection
EndGlobal
